
Microsoft Visual Studio Solution File, Format Version 10.00
# Visual Studio 2008
Project("{8BC9CEB8-8B4A-11D0-8D11-00A0C91BC942}") = "skeletondevicetester", "skeletondevicetester.vcproj", "{ED9130A7-5E1F-48E9-A076-06DA2D2A0170}"
EndProject
Global
	GlobalSection(SolutionConfigurationPlatforms) = preSolution
		Debug|Win32 = Debug|Win32
		Release|Win32 = Release|Win32
	EndGlobalSection
	GlobalSection(ProjectConfigurationPlatforms) = postSolution
		{ED9130A7-5E1F-48E9-A076-06DA2D2A0170}.Debug|Win32.ActiveCfg = Debug|Win32
		{ED9130A7-5E1F-48E9-A076-06DA2D2A0170}.Debug|Win32.Build.0 = Debug|Win32
		{ED9130A7-5E1F-48E9-A076-06DA2D2A0170}.Release|Win32.ActiveCfg = Release|Win32
		{ED9130A7-5E1F-48E9-A076-06DA2D2A0170}.Release|Win32.Build.0 = Release|Win32
	EndGlobalSection
	GlobalSection(SolutionProperties) = preSolution
		HideSolutionNode = FALSE
	EndGlobalSection
EndGlobal
